Microsoft Visual Studio Solution File, Format Version 12.00
# Visual Studio 15
VisualStudioVersion = 15.0.27703.2042
MinimumVisualStudioVersion = 10.0.40219.1
Project("{FAE04EC0-301F-11D3-BF4B-00C04F79EFBC}") = "Lands.Android", "Lands.Android\Lands.Android.csproj", "{1FFDFC52-ADB2-4D85-A58F-BA8BEE73CB5D}"
EndProject
Project("{FAE04EC0-301F-11D3-BF4B-00C04F79EFBC}") = "Lands.iOS", "Lands.iOS\Lands.iOS.csproj", "{F624332D-B455-4014-B9A8-08EB79792033}"
EndProject
Project("{9A19103F-16F7-4668-BE54-9A1E7A4F7556}") = "Lands", "Lands\Lands.csproj", "{3508BAF0-05D2-492F-AF2F-1565373FCF30}"
EndProject
Project("{FAE04EC0-301F-11D3-BF4B-00C04F79EFBC}") = "Lands.Domain", "Lands.Domain\Lands.Domain.csproj", "{6C3309A1-0C03-4230-92B0-E605803CD0D3}"
EndProject
Project("{FAE04EC0-301F-11D3-BF4B-00C04F79EFBC}") = "Lands.API", "Lands.API\Lands.API.csproj", "{69B64585-1696-4E91-9B00-96A67B8F755C}"
EndProject
Project("{FAE04EC0-301F-11D3-BF4B-00C04F79EFBC}") = "Lands.Backend", "Lands.Backend\Lands.Backend.csproj", "{AE638B7B-868E-447A-909C-16A03B2A3296}"
EndProject
Global
	GlobalSection(SolutionConfigurationPlatforms) = preSolution
		Ad-Hoc|Any CPU = Ad-Hoc|Any CPU
		Ad-Hoc|iPhone = Ad-Hoc|iPhone
		Ad-Hoc|iPhoneSimulator = Ad-Hoc|iPhoneSimulator
		AppStore|Any CPU = AppStore|Any CPU
		AppStore|iPhone = AppStore|iPhone
		AppStore|iPhoneSimulator = AppStore|iPhoneSimulator
		Debug|Any CPU = Debug|Any CPU
		Debug|iPhone = Debug|iPhone
		Debug|iPhoneSimulator = Debug|iPhoneSimulator
		Release|Any CPU = Release|Any CPU
		Release|iPhone = Release|iPhone
		Release|iPhoneSimulator = Release|iPhoneSimulator
	EndGlobalSection
	GlobalSection(ProjectConfigurationPlatforms) = postSolution
		{1FFDFC52-ADB2-4D85-A58F-BA8BEE73CB5D}.Ad-Hoc|Any CPU.ActiveCfg = Release|Any CPU
		{1FFDFC52-ADB2-4D85-A58F-BA8BEE73CB5D}.Ad-Hoc|Any CPU.Build.0 = Release|Any CPU
		{1FFDFC52-ADB2-4D85-A58F-BA8BEE73CB5D}.Ad-Hoc|Any CPU.Deploy.0 = Release|Any CPU
		{1FFDFC52-ADB2-4D85-A58F-BA8BEE73CB5D}.Ad-Hoc|iPhone.ActiveCfg = Debug|Any CPU
		{1FFDFC52-ADB2-4D85-A58F-BA8BEE73CB5D}.Ad-Hoc|iPhone.Build.0 = Debug|Any CPU
		{1FFDFC52-ADB2-4D85-A58F-BA8BEE73CB5D}.Ad-Hoc|iPhoneSimulator.ActiveCfg = Release|Any CPU
		{1FFDFC52-ADB2-4D85-A58F-BA8BEE73CB5D}.Ad-Hoc|iPhoneSimulator.Build.0 = Release|Any CPU
		{1FFDFC52-ADB2-4D85-A58F-BA8BEE73CB5D}.Ad-Hoc|iPhoneSimulator.Deploy.0 = Release|Any CPU
		{1FFDFC52-ADB2-4D85-A58F-BA8BEE73CB5D}.AppStore|Any CPU.ActiveCfg = Release|Any CPU
		{1FFDFC52-ADB2-4D85-A58F-BA8BEE73CB5D}.AppStore|Any CPU.Build.0 = Release|Any CPU
		{1FFDFC52-ADB2-4D85-A58F-BA8BEE73CB5D}.AppStore|Any CPU.Deploy.0 = Release|Any CPU
		{1FFDFC52-ADB2-4D85-A58F-BA8BEE73CB5D}.AppStore|iPhone.ActiveCfg = Debug|Any CPU
		{1FFDFC52-ADB2-4D85-A58F-BA8BEE73CB5D}.AppStore|iPhone.Build.0 = Debug|Any CPU
		{1FFDFC52-ADB2-4D85-A58F-BA8BEE73CB5D}.AppStore|iPhoneSimulator.ActiveCfg = Release|Any CPU
		{1FFDFC52-ADB2-4D85-A58F-BA8BEE73CB5D}.AppStore|iPhoneSimulator.Build.0 = Release|Any CPU
		{1FFDFC52-ADB2-4D85-A58F-BA8BEE73CB5D}.AppStore|iPhoneSimulator.Deploy.0 = Release|Any CPU
		{1FFDFC52-ADB2-4D85-A58F-BA8BEE73CB5D}.Debug|Any CPU.ActiveCfg = Debug|Any CPU
		{1FFDFC52-ADB2-4D85-A58F-BA8BEE73CB5D}.Debug|Any CPU.Build.0 = Debug|Any CPU
		{1FFDFC52-ADB2-4D85-A58F-BA8BEE73CB5D}.Debug|iPhone.ActiveCfg = Debug|Any CPU
		{1FFDFC52-ADB2-4D85-A58F-BA8BEE73CB5D}.Debug|iPhone.Build.0 = Debug|Any CPU
		{1FFDFC52-ADB2-4D85-A58F-BA8BEE73CB5D}.Debug|iPhoneSimulator.ActiveCfg = Debug|Any CPU
		{1FFDFC52-ADB2-4D85-A58F-BA8BEE73CB5D}.Debug|iPhoneSimulator.Build.0 = Debug|Any CPU
		{1FFDFC52-ADB2-4D85-A58F-BA8BEE73CB5D}.Release|Any CPU.ActiveCfg = Release|Any CPU
		{1FFDFC52-ADB2-4D85-A58F-BA8BEE73CB5D}.Release|Any CPU.Build.0 = Release|Any CPU
		{1FFDFC52-ADB2-4D85-A58F-BA8BEE73CB5D}.Release|iPhone.ActiveCfg = Release|Any CPU
		{1FFDFC52-ADB2-4D85-A58F-BA8BEE73CB5D}.Release|iPhone.Build.0 = Release|Any CPU
		{1FFDFC52-ADB2-4D85-A58F-BA8BEE73CB5D}.Release|iPhoneSimulator.ActiveCfg = Release|Any CPU
		{1FFDFC52-ADB2-4D85-A58F-BA8BEE73CB5D}.Release|iPhoneSimulator.Build.0 = Release|Any CPU
		{F624332D-B455-4014-B9A8-08EB79792033}.Ad-Hoc|Any CPU.ActiveCfg = Ad-Hoc|iPhoneSimulator
		{F624332D-B455-4014-B9A8-08EB79792033}.Ad-Hoc|iPhone.ActiveCfg = Ad-Hoc|iPhone
		{F624332D-B455-4014-B9A8-08EB79792033}.Ad-Hoc|iPhone.Build.0 = Ad-Hoc|iPhone
		{F624332D-B455-4014-B9A8-08EB79792033}.Ad-Hoc|iPhoneSimulator.ActiveCfg = Ad-Hoc|iPhoneSimulator
		{F624332D-B455-4014-B9A8-08EB79792033}.Ad-Hoc|iPhoneSimulator.Build.0 = Ad-Hoc|iPhoneSimulator
		{F624332D-B455-4014-B9A8-08EB79792033}.AppStore|Any CPU.ActiveCfg = AppStore|iPhoneSimulator
		{F624332D-B455-4014-B9A8-08EB79792033}.AppStore|iPhone.ActiveCfg = AppStore|iPhone
		{F624332D-B455-4014-B9A8-08EB79792033}.AppStore|iPhone.Build.0 = AppStore|iPhone
		{F624332D-B455-4014-B9A8-08EB79792033}.AppStore|iPhoneSimulator.ActiveCfg = AppStore|iPhoneSimulator
		{F624332D-B455-4014-B9A8-08EB79792033}.AppStore|iPhoneSimulator.Build.0 = AppStore|iPhoneSimulator
		{F624332D-B455-4014-B9A8-08EB79792033}.Debug|Any CPU.ActiveCfg = Debug|iPhoneSimulator
		{F624332D-B455-4014-B9A8-08EB79792033}.Debug|Any CPU.Build.0 = Debug|iPhoneSimulator
		{F624332D-B455-4014-B9A8-08EB79792033}.Debug|iPhone.ActiveCfg = Debug|iPhone
		{F624332D-B455-4014-B9A8-08EB79792033}.Debug|iPhone.Build.0 = Debug|iPhone
		{F624332D-B455-4014-B9A8-08EB79792033}.Debug|iPhoneSimulator.ActiveCfg = Debug|iPhoneSimulator
		{F624332D-B455-4014-B9A8-08EB79792033}.Debug|iPhoneSimulator.Build.0 = Debug|iPhoneSimulator
		{F624332D-B455-4014-B9A8-08EB79792033}.Release|Any CPU.ActiveCfg = Release|iPhoneSimulator
		{F624332D-B455-4014-B9A8-08EB79792033}.Release|Any CPU.Build.0 = Release|iPhoneSimulator
		{F624332D-B455-4014-B9A8-08EB79792033}.Release|iPhone.ActiveCfg = Release|iPhone
		{F624332D-B455-4014-B9A8-08EB79792033}.Release|iPhone.Build.0 = Release|iPhone
		{F624332D-B455-4014-B9A8-08EB79792033}.Release|iPhoneSimulator.ActiveCfg = Release|iPhoneSimulator
		{F624332D-B455-4014-B9A8-08EB79792033}.Release|iPhoneSimulator.Build.0 = Release|iPhoneSimulator
		{3508BAF0-05D2-492F-AF2F-1565373FCF30}.Ad-Hoc|Any CPU.ActiveCfg = Release|Any CPU
		{3508BAF0-05D2-492F-AF2F-1565373FCF30}.Ad-Hoc|Any CPU.Build.0 = Release|Any CPU
		{3508BAF0-05D2-492F-AF2F-1565373FCF30}.Ad-Hoc|iPhone.ActiveCfg = Debug|Any CPU
		{3508BAF0-05D2-492F-AF2F-1565373FCF30}.Ad-Hoc|iPhone.Build.0 = Debug|Any CPU
		{3508BAF0-05D2-492F-AF2F-1565373FCF30}.Ad-Hoc|iPhoneSimulator.ActiveCfg = Release|Any CPU
		{3508BAF0-05D2-492F-AF2F-1565373FCF30}.Ad-Hoc|iPhoneSimulator.Build.0 = Release|Any CPU
		{3508BAF0-05D2-492F-AF2F-1565373FCF30}.AppStore|Any CPU.ActiveCfg = Release|Any CPU
		{3508BAF0-05D2-492F-AF2F-1565373FCF30}.AppStore|Any CPU.Build.0 = Release|Any CPU
		{3508BAF0-05D2-492F-AF2F-1565373FCF30}.AppStore|iPhone.ActiveCfg = Debug|Any CPU
		{3508BAF0-05D2-492F-AF2F-1565373FCF30}.AppStore|iPhone.Build.0 = Debug|Any CPU
		{3508BAF0-05D2-492F-AF2F-1565373FCF30}.AppStore|iPhoneSimulator.ActiveCfg = Release|Any CPU
		{3508BAF0-05D2-492F-AF2F-1565373FCF30}.AppStore|iPhoneSimulator.Build.0 = Release|Any CPU
		{3508BAF0-05D2-492F-AF2F-1565373FCF30}.Debug|Any CPU.ActiveCfg = Debug|Any CPU
		{3508BAF0-05D2-492F-AF2F-1565373FCF30}.Debug|Any CPU.Build.0 = Debug|Any CPU
		{3508BAF0-05D2-492F-AF2F-1565373FCF30}.Debug|iPhone.ActiveCfg = Debug|Any CPU
		{3508BAF0-05D2-492F-AF2F-1565373FCF30}.Debug|iPhone.Build.0 = Debug|Any CPU
		{3508BAF0-05D2-492F-AF2F-1565373FCF30}.Debug|iPhoneSimulator.ActiveCfg = Debug|Any CPU
		{3508BAF0-05D2-492F-AF2F-1565373FCF30}.Debug|iPhoneSimulator.Build.0 = Debug|Any CPU
		{3508BAF0-05D2-492F-AF2F-1565373FCF30}.Release|Any CPU.ActiveCfg = Release|Any CPU
		{3508BAF0-05D2-492F-AF2F-1565373FCF30}.Release|Any CPU.Build.0 = Release|Any CPU
		{3508BAF0-05D2-492F-AF2F-1565373FCF30}.Release|iPhone.ActiveCfg = Release|Any CPU
		{3508BAF0-05D2-492F-AF2F-1565373FCF30}.Release|iPhone.Build.0 = Release|Any CPU
		{3508BAF0-05D2-492F-AF2F-1565373FCF30}.Release|iPhoneSimulator.ActiveCfg = Release|Any CPU
		{3508BAF0-05D2-492F-AF2F-1565373FCF30}.Release|iPhoneSimulator.Build.0 = Release|Any CPU
		{6C3309A1-0C03-4230-92B0-E605803CD0D3}.Ad-Hoc|Any CPU.ActiveCfg = Release|Any CPU
		{6C3309A1-0C03-4230-92B0-E605803CD0D3}.Ad-Hoc|Any CPU.Build.0 = Release|Any CPU
		{6C3309A1-0C03-4230-92B0-E605803CD0D3}.Ad-Hoc|iPhone.ActiveCfg = Release|Any CPU
		{6C3309A1-0C03-4230-92B0-E605803CD0D3}.Ad-Hoc|iPhone.Build.0 = Release|Any CPU
		{6C3309A1-0C03-4230-92B0-E605803CD0D3}.Ad-Hoc|iPhoneSimulator.ActiveCfg = Release|Any CPU
		{6C3309A1-0C03-4230-92B0-E605803CD0D3}.Ad-Hoc|iPhoneSimulator.Build.0 = Release|Any CPU
		{6C3309A1-0C03-4230-92B0-E605803CD0D3}.AppStore|Any CPU.ActiveCfg = Release|Any CPU
		{6C3309A1-0C03-4230-92B0-E605803CD0D3}.AppStore|Any CPU.Build.0 = Release|Any CPU
		{6C3309A1-0C03-4230-92B0-E605803CD0D3}.AppStore|iPhone.ActiveCfg = Release|Any CPU
		{6C3309A1-0C03-4230-92B0-E605803CD0D3}.AppStore|iPhone.Build.0 = Release|Any CPU
		{6C3309A1-0C03-4230-92B0-E605803CD0D3}.AppStore|iPhoneSimulator.ActiveCfg = Release|Any CPU
		{6C3309A1-0C03-4230-92B0-E605803CD0D3}.AppStore|iPhoneSimulator.Build.0 = Release|Any CPU
		{6C3309A1-0C03-4230-92B0-E605803CD0D3}.Debug|Any CPU.ActiveCfg = Debug|Any CPU
		{6C3309A1-0C03-4230-92B0-E605803CD0D3}.Debug|Any CPU.Build.0 = Debug|Any CPU
		{6C3309A1-0C03-4230-92B0-E605803CD0D3}.Debug|iPhone.ActiveCfg = Debug|Any CPU
		{6C3309A1-0C03-4230-92B0-E605803CD0D3}.Debug|iPhone.Build.0 = Debug|Any CPU
		{6C3309A1-0C03-4230-92B0-E605803CD0D3}.Debug|iPhoneSimulator.ActiveCfg = Debug|Any CPU
		{6C3309A1-0C03-4230-92B0-E605803CD0D3}.Debug|iPhoneSimulator.Build.0 = Debug|Any CPU
		{6C3309A1-0C03-4230-92B0-E605803CD0D3}.Release|Any CPU.ActiveCfg = Release|Any CPU
		{6C3309A1-0C03-4230-92B0-E605803CD0D3}.Release|Any CPU.Build.0 = Release|Any CPU
		{6C3309A1-0C03-4230-92B0-E605803CD0D3}.Release|iPhone.ActiveCfg = Release|Any CPU
		{6C3309A1-0C03-4230-92B0-E605803CD0D3}.Release|iPhone.Build.0 = Release|Any CPU
		{6C3309A1-0C03-4230-92B0-E605803CD0D3}.Release|iPhoneSimulator.ActiveCfg = Release|Any CPU
		{6C3309A1-0C03-4230-92B0-E605803CD0D3}.Release|iPhoneSimulator.Build.0 = Release|Any CPU
		{69B64585-1696-4E91-9B00-96A67B8F755C}.Ad-Hoc|Any CPU.ActiveCfg = Release|Any CPU
		{69B64585-1696-4E91-9B00-96A67B8F755C}.Ad-Hoc|Any CPU.Build.0 = Release|Any CPU
		{69B64585-1696-4E91-9B00-96A67B8F755C}.Ad-Hoc|iPhone.ActiveCfg = Release|Any CPU
		{69B64585-1696-4E91-9B00-96A67B8F755C}.Ad-Hoc|iPhone.Build.0 = Release|Any CPU
		{69B64585-1696-4E91-9B00-96A67B8F755C}.Ad-Hoc|iPhoneSimulator.ActiveCfg = Release|Any CPU
		{69B64585-1696-4E91-9B00-96A67B8F755C}.Ad-Hoc|iPhoneSimulator.Build.0 = Release|Any CPU
		{69B64585-1696-4E91-9B00-96A67B8F755C}.AppStore|Any CPU.ActiveCfg = Release|Any CPU
		{69B64585-1696-4E91-9B00-96A67B8F755C}.AppStore|Any CPU.Build.0 = Release|Any CPU
		{69B64585-1696-4E91-9B00-96A67B8F755C}.AppStore|iPhone.ActiveCfg = Release|Any CPU
		{69B64585-1696-4E91-9B00-96A67B8F755C}.AppStore|iPhone.Build.0 = Release|Any CPU
		{69B64585-1696-4E91-9B00-96A67B8F755C}.AppStore|iPhoneSimulator.ActiveCfg = Release|Any CPU
		{69B64585-1696-4E91-9B00-96A67B8F755C}.AppStore|iPhoneSimulator.Build.0 = Release|Any CPU
		{69B64585-1696-4E91-9B00-96A67B8F755C}.Debug|Any CPU.ActiveCfg = Debug|Any CPU
		{69B64585-1696-4E91-9B00-96A67B8F755C}.Debug|Any CPU.Build.0 = Debug|Any CPU
		{69B64585-1696-4E91-9B00-96A67B8F755C}.Debug|iPhone.ActiveCfg = Debug|Any CPU
		{69B64585-1696-4E91-9B00-96A67B8F755C}.Debug|iPhone.Build.0 = Debug|Any CPU
		{69B64585-1696-4E91-9B00-96A67B8F755C}.Debug|iPhoneSimulator.ActiveCfg = Debug|Any CPU
		{69B64585-1696-4E91-9B00-96A67B8F755C}.Debug|iPhoneSimulator.Build.0 = Debug|Any CPU
		{69B64585-1696-4E91-9B00-96A67B8F755C}.Release|Any CPU.ActiveCfg = Release|Any CPU
		{69B64585-1696-4E91-9B00-96A67B8F755C}.Release|Any CPU.Build.0 = Release|Any CPU
		{69B64585-1696-4E91-9B00-96A67B8F755C}.Release|iPhone.ActiveCfg = Release|Any CPU
		{69B64585-1696-4E91-9B00-96A67B8F755C}.Release|iPhone.Build.0 = Release|Any CPU
		{69B64585-1696-4E91-9B00-96A67B8F755C}.Release|iPhoneSimulator.ActiveCfg = Release|Any CPU
		{69B64585-1696-4E91-9B00-96A67B8F755C}.Release|iPhoneSimulator.Build.0 = Release|Any CPU
		{AE638B7B-868E-447A-909C-16A03B2A3296}.Ad-Hoc|Any CPU.ActiveCfg = Release|Any CPU
		{AE638B7B-868E-447A-909C-16A03B2A3296}.Ad-Hoc|Any CPU.Build.0 = Release|Any CPU
		{AE638B7B-868E-447A-909C-16A03B2A3296}.Ad-Hoc|iPhone.ActiveCfg = Release|Any CPU
		{AE638B7B-868E-447A-909C-16A03B2A3296}.Ad-Hoc|iPhone.Build.0 = Release|Any CPU
		{AE638B7B-868E-447A-909C-16A03B2A3296}.Ad-Hoc|iPhoneSimulator.ActiveCfg = Release|Any CPU
		{AE638B7B-868E-447A-909C-16A03B2A3296}.Ad-Hoc|iPhoneSimulator.Build.0 = Release|Any CPU
		{AE638B7B-868E-447A-909C-16A03B2A3296}.AppStore|Any CPU.ActiveCfg = Release|Any CPU
		{AE638B7B-868E-447A-909C-16A03B2A3296}.AppStore|Any CPU.Build.0 = Release|Any CPU
		{AE638B7B-868E-447A-909C-16A03B2A3296}.AppStore|iPhone.ActiveCfg = Release|Any CPU
		{AE638B7B-868E-447A-909C-16A03B2A3296}.AppStore|iPhone.Build.0 = Release|Any CPU
		{AE638B7B-868E-447A-909C-16A03B2A3296}.AppStore|iPhoneSimulator.ActiveCfg = Release|Any CPU
		{AE638B7B-868E-447A-909C-16A03B2A3296}.AppStore|iPhoneSimulator.Build.0 = Release|Any CPU
		{AE638B7B-868E-447A-909C-16A03B2A3296}.Debug|Any CPU.ActiveCfg = Debug|Any CPU
		{AE638B7B-868E-447A-909C-16A03B2A3296}.Debug|Any CPU.Build.0 = Debug|Any CPU
		{AE638B7B-868E-447A-909C-16A03B2A3296}.Debug|iPhone.ActiveCfg = Debug|Any CPU
		{AE638B7B-868E-447A-909C-16A03B2A3296}.Debug|iPhone.Build.0 = Debug|Any CPU
		{AE638B7B-868E-447A-909C-16A03B2A3296}.Debug|iPhoneSimulator.ActiveCfg = Debug|Any CPU
		{AE638B7B-868E-447A-909C-16A03B2A3296}.Debug|iPhoneSimulator.Build.0 = Debug|Any CPU
		{AE638B7B-868E-447A-909C-16A03B2A3296}.Release|Any CPU.ActiveCfg = Release|Any CPU
		{AE638B7B-868E-447A-909C-16A03B2A3296}.Release|Any CPU.Build.0 = Release|Any CPU
		{AE638B7B-868E-447A-909C-16A03B2A3296}.Release|iPhone.ActiveCfg = Release|Any CPU
		{AE638B7B-868E-447A-909C-16A03B2A3296}.Release|iPhone.Build.0 = Release|Any CPU
		{AE638B7B-868E-447A-909C-16A03B2A3296}.Release|iPhoneSimulator.ActiveCfg = Release|Any CPU
		{AE638B7B-868E-447A-909C-16A03B2A3296}.Release|iPhoneSimulator.Build.0 = Release|Any CPU
	EndGlobalSection
	GlobalSection(SolutionProperties) = preSolution
		HideSolutionNode = FALSE
	EndGlobalSection
	GlobalSection(ExtensibilityGlobals) = postSolution
		SolutionGuid = {7E65E0E3-28F2-4D39-8BA0-271F6DB3A8A3}
	EndGlobalSection
EndGlobal
